
Microsoft Visual Studio Solution File, Format Version 12.00
# Visual Studio Version 16
VisualStudioVersion = 16.0.28803.202
MinimumVisualStudioVersion = 10.0.40219.1
Project("{FAE04EC0-301F-11D3-BF4B-00C04F79EFBC}") = "Workers", "Workers\Workers.csproj", "{42E47D02-45A5-44BC-AAC3-0ECE596699FB}"
EndProject
Global
	GlobalSection(SolutionConfigurationPlatforms) = preSolution
		Debug|Any CPU = Debug|Any CPU
		Release|Any CPU = Release|Any CPU
	EndGlobalSection
	GlobalSection(ProjectConfigurationPlatforms) = postSolution
		{42E47D02-45A5-44BC-AAC3-0ECE596699FB}.Debug|Any CPU.ActiveCfg = Debug|Any CPU
		{42E47D02-45A5-44BC-AAC3-0ECE596699FB}.Debug|Any CPU.Build.0 = Debug|Any CPU
		{42E47D02-45A5-44BC-AAC3-0ECE596699FB}.Release|Any CPU.ActiveCfg = Release|Any CPU
		{42E47D02-45A5-44BC-AAC3-0ECE596699FB}.Release|Any CPU.Build.0 = Release|Any CPU
	EndGlobalSection
	GlobalSection(SolutionProperties) = preSolution
		HideSolutionNode = FALSE
	EndGlobalSection
	GlobalSection(ExtensibilityGlobals) = postSolution
		SolutionGuid = {ABA17F95-0DC9-4E6B-AB50-2B87F8D2E9FA}
	EndGlobalSection
EndGlobal
